
Microsoft Visual Studio Solution File, Format Version 12.00
# Visual Studio Version 17
VisualStudioVersion = 17.4.33122.133
MinimumVisualStudioVersion = 10.0.40219.1
Project("{FAE04EC0-301F-11D3-BF4B-00C04F79EFBC}") = "binarysearchtree", "binarysearchtree.csproj", "{664A6EED-FC14-4DE2-A968-E235C398C590}"
EndProject
Global
	GlobalSection(SolutionConfigurationPlatforms) = preSolution
		Debug|Any CPU = Debug|Any CPU
		Release|Any CPU = Release|Any CPU
	EndGlobalSection
	GlobalSection(ProjectConfigurationPlatforms) = postSolution
		{664A6EED-FC14-4DE2-A968-E235C398C590}.Debug|Any CPU.ActiveCfg = Debug|Any CPU
		{664A6EED-FC14-4DE2-A968-E235C398C590}.Debug|Any CPU.Build.0 = Debug|Any CPU
		{664A6EED-FC14-4DE2-A968-E235C398C590}.Release|Any CPU.ActiveCfg = Release|Any CPU
		{664A6EED-FC14-4DE2-A968-E235C398C590}.Release|Any CPU.Build.0 = Release|Any CPU
	EndGlobalSection
	GlobalSection(SolutionProperties) = preSolution
		HideSolutionNode = FALSE
	EndGlobalSection
	GlobalSection(ExtensibilityGlobals) = postSolution
		SolutionGuid = {C45A6A1D-1585-4A28-94E1-3617DECFD265}
	EndGlobalSection
EndGlobal
